
Microsoft Visual Studio Solution File, Format Version 12.00
# Visual Studio Version 17
VisualStudioVersion = 17.3.32901.215
MinimumVisualStudioVersion = 10.0.40219.1
Project("{FAE04EC0-301F-11D3-BF4B-00C04F79EFBC}") = "Pr6.Dop.5", "Pr6.Dop.5\Pr6.Dop.5.csproj", "{A8D39C7E-FA17-4D68-90B4-443818EB5682}"
EndProject
Global
	GlobalSection(SolutionConfigurationPlatforms) = preSolution
		Debug|Any CPU = Debug|Any CPU
		Release|Any CPU = Release|Any CPU
	EndGlobalSection
	GlobalSection(ProjectConfigurationPlatforms) = postSolution
		{A8D39C7E-FA17-4D68-90B4-443818EB5682}.Debug|Any CPU.ActiveCfg = Debug|Any CPU
		{A8D39C7E-FA17-4D68-90B4-443818EB5682}.Debug|Any CPU.Build.0 = Debug|Any CPU
		{A8D39C7E-FA17-4D68-90B4-443818EB5682}.Release|Any CPU.ActiveCfg = Release|Any CPU
		{A8D39C7E-FA17-4D68-90B4-443818EB5682}.Release|Any CPU.Build.0 = Release|Any CPU
	EndGlobalSection
	GlobalSection(SolutionProperties) = preSolution
		HideSolutionNode = FALSE
	EndGlobalSection
	GlobalSection(ExtensibilityGlobals) = postSolution
		SolutionGuid = {C28FE40E-D2C1-4A8F-812B-005E17BB3633}
	EndGlobalSection
EndGlobal
